
Microsoft Visual Studio Solution File, Format Version 12.00
# Visual Studio Version 17
VisualStudioVersion = 17.9.34728.123
MinimumVisualStudioVersion = 10.0.40219.1
Project("{FAE04EC0-301F-11D3-BF4B-00C04F79EFBC}") = "imp_hashmap", "imp_hashmap\imp_hashmap.csproj", "{CEA1C648-0542-498A-965A-6378B7CB2FF1}"
EndProject
Global
	GlobalSection(SolutionConfigurationPlatforms) = preSolution
		Debug|Any CPU = Debug|Any CPU
		Release|Any CPU = Release|Any CPU
	EndGlobalSection
	GlobalSection(ProjectConfigurationPlatforms) = postSolution
		{CEA1C648-0542-498A-965A-6378B7CB2FF1}.Debug|Any CPU.ActiveCfg = Debug|Any CPU
		{CEA1C648-0542-498A-965A-6378B7CB2FF1}.Debug|Any CPU.Build.0 = Debug|Any CPU
		{CEA1C648-0542-498A-965A-6378B7CB2FF1}.Release|Any CPU.ActiveCfg = Release|Any CPU
		{CEA1C648-0542-498A-965A-6378B7CB2FF1}.Release|Any CPU.Build.0 = Release|Any CPU
	EndGlobalSection
	GlobalSection(SolutionProperties) = preSolution
		HideSolutionNode = FALSE
	EndGlobalSection
	GlobalSection(ExtensibilityGlobals) = postSolution
		SolutionGuid = {69ADEB39-0718-44B2-B6DE-06221B853954}
	EndGlobalSection
EndGlobal
